
Microsoft Visual Studio Solution File, Format Version 12.00
# Visual Studio Version 17
VisualStudioVersion = 17.13.35913.81 d17.13
MinimumVisualStudioVersion = 10.0.40219.1
Project("{FAE04EC0-301F-11D3-BF4B-00C04F79EFBC}") = "Internet Tehnologii", "Internet Tehnologii.csproj", "{D4983230-30D1-45E3-8158-CCF1D5C5244D}"
EndProject
Global
	GlobalSection(SolutionConfigurationPlatforms) = preSolution
		Debug|Any CPU = Debug|Any CPU
		Release|Any CPU = Release|Any CPU
	EndGlobalSection
	GlobalSection(ProjectConfigurationPlatforms) = postSolution
		{D4983230-30D1-45E3-8158-CCF1D5C5244D}.Debug|Any CPU.ActiveCfg = Debug|Any CPU
		{D4983230-30D1-45E3-8158-CCF1D5C5244D}.Debug|Any CPU.Build.0 = Debug|Any CPU
		{D4983230-30D1-45E3-8158-CCF1D5C5244D}.Release|Any CPU.ActiveCfg = Release|Any CPU
		{D4983230-30D1-45E3-8158-CCF1D5C5244D}.Release|Any CPU.Build.0 = Release|Any CPU
	EndGlobalSection
	GlobalSection(SolutionProperties) = preSolution
		HideSolutionNode = FALSE
	EndGlobalSection
	GlobalSection(ExtensibilityGlobals) = postSolution
		SolutionGuid = {56C68E1F-F884-4E72-B9E0-5F5EA2E8278A}
	EndGlobalSection
EndGlobal
